
Microsoft Visual Studio Solution File, Format Version 12.00
# Visual Studio Version 16
VisualStudioVersion = 16.0.31321.278
MinimumVisualStudioVersion = 10.0.40219.1
Project("{FAE04EC0-301F-11D3-BF4B-00C04F79EFBC}") = "Static_Hamilton_Dakota", "Static_Hamilton_Dakota\Static_Hamilton_Dakota.csproj", "{A51FC03B-ED92-40AD-982A-9BF1A4A6CAD0}"
EndProject
Global
	GlobalSection(SolutionConfigurationPlatforms) = preSolution
		Debug|Any CPU = Debug|Any CPU
		Release|Any CPU = Release|Any CPU
	EndGlobalSection
	GlobalSection(ProjectConfigurationPlatforms) = postSolution
		{A51FC03B-ED92-40AD-982A-9BF1A4A6CAD0}.Debug|Any CPU.ActiveCfg = Debug|Any CPU
		{A51FC03B-ED92-40AD-982A-9BF1A4A6CAD0}.Debug|Any CPU.Build.0 = Debug|Any CPU
		{A51FC03B-ED92-40AD-982A-9BF1A4A6CAD0}.Release|Any CPU.ActiveCfg = Release|Any CPU
		{A51FC03B-ED92-40AD-982A-9BF1A4A6CAD0}.Release|Any CPU.Build.0 = Release|Any CPU
	EndGlobalSection
	GlobalSection(SolutionProperties) = preSolution
		HideSolutionNode = FALSE
	EndGlobalSection
	GlobalSection(ExtensibilityGlobals) = postSolution
		SolutionGuid = {3E6BE79B-35C0-45AF-A1E9-18D13A39CE5A}
	EndGlobalSection
EndGlobal
